
Microsoft Visual Studio Solution File, Format Version 12.00
# Visual Studio Version 17
VisualStudioVersion = 17.8.34330.188
MinimumVisualStudioVersion = 10.0.40219.1
Project("{FAE04EC0-301F-11D3-BF4B-00C04F79EFBC}") = "DungeonGame", "DungeonGame\DungeonGame.csproj", "{A5EE111E-CCB2-4A5C-9CF2-170D2B7E0D3E}"
EndProject
Global
	GlobalSection(SolutionConfigurationPlatforms) = preSolution
		Debug|Any CPU = Debug|Any CPU
		Release|Any CPU = Release|Any CPU
	EndGlobalSection
	GlobalSection(ProjectConfigurationPlatforms) = postSolution
		{A5EE111E-CCB2-4A5C-9CF2-170D2B7E0D3E}.Debug|Any CPU.ActiveCfg = Debug|Any CPU
		{A5EE111E-CCB2-4A5C-9CF2-170D2B7E0D3E}.Debug|Any CPU.Build.0 = Debug|Any CPU
		{A5EE111E-CCB2-4A5C-9CF2-170D2B7E0D3E}.Release|Any CPU.ActiveCfg = Release|Any CPU
		{A5EE111E-CCB2-4A5C-9CF2-170D2B7E0D3E}.Release|Any CPU.Build.0 = Release|Any CPU
	EndGlobalSection
	GlobalSection(SolutionProperties) = preSolution
		HideSolutionNode = FALSE
	EndGlobalSection
	GlobalSection(ExtensibilityGlobals) = postSolution
		SolutionGuid = {00AB444C-A8B7-437D-A604-BD407D7F1E0E}
	EndGlobalSection
EndGlobal
